// !$*UTF8*$!
{
	archiveVersion = 1;
	classes = {
	};
	objectVersion = 56;
	objects = {

/* Begin PBXBuildFile section */
		F901282B2BE9E3C200E84364 /* AppDelegate.swift in Sources */ = {isa = PBXBuildFile; fileRef = F901282A2BE9E3C200E84364 /* AppDelegate.swift */; };
		F901282D2BE9E3C200E84364 /* SceneDelegate.swift in Sources */ = {isa = PBXBuildFile; fileRef = F901282C2BE9E3C200E84364 /* SceneDelegate.swift */; };
		F901282F2BE9E3C200E84364 /* ViewController.swift in Sources */ = {isa = PBXBuildFile; fileRef = F901282E2BE9E3C200E84364 /* ViewController.swift */; };
		F90128322BE9E3C200E84364 /* Main.storyboard in Resources */ = {isa = PBXBuildFile; fileRef = F90128302BE9E3C200E84364 /* Main.storyboard */; };
		F90128342BE9E3C300E84364 /* Assets.xcassets in Resources */ = {isa = PBXBuildFile; fileRef = F90128332BE9E3C300E84364 /* Assets.xcassets */; };
		F90128372BE9E3C300E84364 /* LaunchScreen.storyboard in Resources */ = {isa = PBXBuildFile; fileRef = F90128352BE9E3C300E84364 /* LaunchScreen.storyboard */; };
		F90128402BE9E55F00E84364 /* XScreen.swift in Sources */ = {isa = PBXBuildFile; fileRef = F901283F2BE9E55F00E84364 /* XScreen.swift */; };
		F90128422BE9E57000E84364 /* XTextField.swift in Sources */ = {isa = PBXBuildFile; fileRef = F90128412BE9E57000E84364 /* XTextField.swift */; };
		F90128442BE9E5C200E84364 /* XViewController.swift in Sources */ = {isa = PBXBuildFile; fileRef = F90128432BE9E5C200E84364 /* XViewController.swift */; };
/* End PBXBuildFile section */

/* Begin PBXFileReference section */
		F90128272BE9E3C200E84364 /* x-text-field.app */ = {isa = PBXFileReference; explicitFileType = wrapper.application; includeInIndex = 0; path = "x-text-field.app"; sourceTree = BUILT_PRODUCTS_DIR; };
		F901282A2BE9E3C200E84364 /* AppDelegate.swift */ = {isa = PBXFileReference; lastKnownFileType = sourcecode.swift; path = AppDelegate.swift; sourceTree = "<group>"; };
		F901282C2BE9E3C200E84364 /* SceneDelegate.swift */ = {isa = PBXFileReference; lastKnownFileType = sourcecode.swift; path = SceneDelegate.swift; sourceTree = "<group>"; };
		F901282E2BE9E3C200E84364 /* ViewController.swift */ = {isa = PBXFileReference; lastKnownFileType = sourcecode.swift; path = ViewController.swift; sourceTree = "<group>"; };
		F90128312BE9E3C200E84364 /* Base */ = {isa = PBXFileReference; lastKnownFileType = file.storyboard; name = Base; path = Base.lproj/Main.storyboard; sourceTree = "<group>"; };
		F90128332BE9E3C300E84364 /* Assets.xcassets */ = {isa = PBXFileReference; lastKnownFileType = folder.assetcatalog; path = Assets.xcassets; sourceTree = "<group>"; };
		F90128362BE9E3C300E84364 /* Base */ = {isa = PBXFileReference; lastKnownFileType = file.storyboard; name = Base; path = Base.lproj/LaunchScreen.storyboard; sourceTree = "<group>"; };
		F90128382BE9E3C300E84364 /* Info.plist */ = {isa = PBXFileReference; lastKnownFileType = text.plist.xml; path = Info.plist; sourceTree = "<group>"; };
		F901283F2BE9E55F00E84364 /* XScreen.swift */ = {isa = PBXFileReference; lastKnownFileType = sourcecode.swift; path = XScreen.swift; sourceTree = "<group>"; };
		F90128412BE9E57000E84364 /* XTextField.swift */ = {isa = PBXFileReference; lastKnownFileType = sourcecode.swift; path = XTextField.swift; sourceTree = "<group>"; };
		F90128432BE9E5C200E84364 /* XViewController.swift */ = {isa = PBXFileReference; lastKnownFileType = sourcecode.swift; path = XViewController.swift; sourceTree = "<group>"; };
/* End PBXFileReference section */

/* Begin PBXFrameworksBuildPhase section */
		F90128242BE9E3C200E84364 /* Frameworks */ = {
			isa = PBXFrameworksBuildPhase;
			buildActionMask = 2147483647;
			files = (
			);
			runOnlyForDeploymentPostprocessing = 0;
		};
/* End PBXFrameworksBuildPhase section */

/* Begin PBXGroup section */
		F901281E2BE9E3C200E84364 = {
			isa = PBXGroup;
			children = (
				F90128292BE9E3C200E84364 /* x-text-field */,
				F90128282BE9E3C200E84364 /* Products */,
			);
			sourceTree = "<group>";
		};
		F90128282BE9E3C200E84364 /* Products */ = {
			isa = PBXGroup;
			children = (
				F90128272BE9E3C200E84364 /* x-text-field.app */,
			);
			name = Products;
			sourceTree = "<group>";
		};
		F90128292BE9E3C200E84364 /* x-text-field */ = {
			isa = PBXGroup;
			children = (
				F901283E2BE9E55500E84364 /* Playground */,
				F901282A2BE9E3C200E84364 /* AppDelegate.swift */,
				F901282C2BE9E3C200E84364 /* SceneDelegate.swift */,
				F901282E2BE9E3C200E84364 /* ViewController.swift */,
				F90128302BE9E3C200E84364 /* Main.storyboard */,
				F90128332BE9E3C300E84364 /* Assets.xcassets */,
				F90128352BE9E3C300E84364 /* LaunchScreen.storyboard */,
				F90128382BE9E3C300E84364 /* Info.plist */,
			);
			path = "x-text-field";
			sourceTree = "<group>";
		};
		F901283E2BE9E55500E84364 /* Playground */ = {
			isa = PBXGroup;
			children = (
				F901283F2BE9E55F00E84364 /* XScreen.swift */,
				F90128412BE9E57000E84364 /* XTextField.swift */,
				F90128432BE9E5C200E84364 /* XViewController.swift */,
			);
			path = Playground;
			sourceTree = "<group>";
		};
/* End PBXGroup section */

/* Begin PBXNativeTarget section */
		F90128262BE9E3C200E84364 /* x-text-field */ = {
			isa = PBXNativeTarget;
			buildConfigurationList = F901283B2BE9E3C300E84364 /* Build configuration list for PBXNativeTarget "x-text-field" */;
			buildPhases = (
				F90128232BE9E3C200E84364 /* Sources */,
				F90128242BE9E3C200E84364 /* Frameworks */,
				F90128252BE9E3C200E84364 /* Resources */,
			);
			buildRules = (
			);
			dependencies = (
			);
			name = "x-text-field";
			productName = "x-text-field";
			productReference = F90128272BE9E3C200E84364 /* x-text-field.app */;
			productType = "com.apple.product-type.application";
		};
/* End PBXNativeTarget section */

/* Begin PBXProject section */
		F901281F2BE9E3C200E84364 /* Project object */ = {
			isa = PBXProject;
			attributes = {
				BuildIndependentTargetsInParallel = 1;
				LastSwiftUpdateCheck = 1520;
				LastUpgradeCheck = 1520;
				TargetAttributes = {
					F90128262BE9E3C200E84364 = {
						CreatedOnToolsVersion = 15.2;
					};
				};
			};
			buildConfigurationList = F90128222BE9E3C200E84364 /* Build configuration list for PBXProject "x-text-field" */;
			compatibilityVersion = "Xcode 14.0";
			developmentRegion = en;
			hasScannedForEncodings = 0;
			knownRegions = (
				en,
				Base,
			);
			mainGroup = F901281E2BE9E3C200E84364;
			productRefGroup = F90128282BE9E3C200E84364 /* Products */;
			projectDirPath = "";
			projectRoot = "";
			targets = (
				F90128262BE9E3C200E84364 /* x-text-field */,
			);
		};
/* End PBXProject section */

/* Begin PBXResourcesBuildPhase section */
		F90128252BE9E3C200E84364 /* Resources */ = {
			isa = PBXResourcesBuildPhase;
			buildActionMask = 2147483647;
			files = (
				F90128372BE9E3C300E84364 /* LaunchScreen.storyboard in Resources */,
				F90128342BE9E3C300E84364 /* Assets.xcassets in Resources */,
				F90128322BE9E3C200E84364 /* Main.storyboard in Resources */,
			);
			runOnlyForDeploymentPostprocessing = 0;
		};
/* End PBXResourcesBuildPhase section */

/* Begin PBXSourcesBuildPhase section */
		F90128232BE9E3C200E84364 /* Sources */ = {
			isa = PBXSourcesBuildPhase;
			buildActionMask = 2147483647;
			files = (
				F90128402BE9E55F00E84364 /* XScreen.swift in Sources */,
				F90128442BE9E5C200E84364 /* XViewController.swift in Sources */,
				F901282F2BE9E3C200E84364 /* ViewController.swift in Sources */,
				F901282B2BE9E3C200E84364 /* AppDelegate.swift in Sources */,
				F90128422BE9E57000E84364 /* XTextField.swift in Sources */,
				F901282D2BE9E3C200E84364 /* SceneDelegate.swift in Sources */,
			);
			runOnlyForDeploymentPostprocessing = 0;
		};
/* End PBXSourcesBuildPhase section */

/* Begin PBXVariantGroup section */
		F90128302BE9E3C200E84364 /* Main.storyboard */ = {
			isa = PBXVariantGroup;
			children = (
				F90128312BE9E3C200E84364 /* Base */,
			);
			name = Main.storyboard;
			sourceTree = "<group>";
		};
		F90128352BE9E3C300E84364 /* LaunchScreen.storyboard */ = {
			isa = PBXVariantGroup;
			children = (
				F90128362BE9E3C300E84364 /* Base */,
			);
			name = LaunchScreen.storyboard;
			sourceTree = "<group>";
		};
/* End PBXVariantGroup section */

/* Begin XCBuildConfiguration section */
		F90128392BE9E3C300E84364 /* Debug */ = {
			isa = XCBuildConfiguration;
			buildSettings = {
				ALWAYS_SEARCH_USER_PATHS = NO;
				ASSETCATALOG_COMPILER_GENERATE_SWIFT_ASSET_SYMBOL_EXTENSIONS = YES;
				CLANG_ANALYZER_NONNULL = YES;
				CLANG_ANALYZER_NUMBER_OBJECT_CONVERSION = YES_AGGRESSIVE;
				CLANG_CXX_LANGUAGE_STANDARD = "gnu++20";
				CLANG_ENABLE_MODULES = YES;
				CLANG_ENABLE_OBJC_ARC = YES;
				CLANG_ENABLE_OBJC_WEAK = YES;
				CLANG_WARN_BLOCK_CAPTURE_AUTORELEASING = YES;
				CLANG_WARN_BOOL_CONVERSION = YES;
				CLANG_WARN_COMMA = YES;
				CLANG_WARN_CONSTANT_CONVERSION = YES;
				CLANG_WARN_DEPRECATED_OBJC_IMPLEMENTATIONS = YES;
				CLANG_WARN_DIRECT_OBJC_ISA_USAGE = YES_ERROR;
				CLANG_WARN_DOCUMENTATION_COMMENTS = YES;
				CLANG_WARN_EMPTY_BODY = YES;
				CLANG_WARN_ENUM_CONVERSION = YES;
				CLANG_WARN_INFINITE_RECURSION = YES;
				CLANG_WARN_INT_CONVERSION = YES;
				CLANG_WARN_NON_LITERAL_NULL_CONVERSION = YES;
				CLANG_WARN_OBJC_IMPLICIT_RETAIN_SELF = YES;
				CLANG_WARN_OBJC_LITERAL_CONVERSION = YES;
				CLANG_WARN_OBJC_ROOT_CLASS = YES_ERROR;
				CLANG_WARN_QUOTED_INCLUDE_IN_FRAMEWORK_HEADER = YES;
				CLANG_WARN_RANGE_LOOP_ANALYSIS = YES;
				CLANG_WARN_STRICT_PROTOTYPES = YES;
				CLANG_WARN_SUSPICIOUS_MOVE = YES;
				CLANG_WARN_UNGUARDED_AVAILABILITY = YES_AGGRESSIVE;
				CLANG_WARN_UNREACHABLE_CODE = YES;
				CLANG_WARN__DUPLICATE_METHOD_MATCH = YES;
				COPY_PHASE_STRIP = NO;
				DEBUG_INFORMATION_FORMAT = dwarf;
				ENABLE_STRICT_OBJC_MSGSEND = YES;
				ENABLE_TESTABILITY = YES;
				ENABLE_USER_SCRIPT_SANDBOXING = YES;
				GCC_C_LANGUAGE_STANDARD = gnu17;
				GCC_DYNAMIC_NO_PIC = NO;
				GCC_NO_COMMON_BLOCKS = YES;
				GCC_OPTIMIZATION_LEVEL = 0;
				GCC_PREPROCESSOR_DEFINITIONS = (
					"DEBUG=1",
					"$(inherited)",
				);
				GCC_WARN_64_TO_32_BIT_CONVERSION = YES;
				GCC_WARN_ABOUT_RETURN_TYPE = YES_ERROR;
				GCC_WARN_UNDECLARED_SELECTOR = YES;
				GCC_WARN_UNINITIALIZED_AUTOS = YES_AGGRESSIVE;
				GCC_WARN_UNUSED_FUNCTION = YES;
				GCC_WARN_UNUSED_VARIABLE = YES;
				IPHONEOS_DEPLOYMENT_TARGET = 17.2;
				LOCALIZATION_PREFERS_STRING_CATALOGS = YES;
				MTL_ENABLE_DEBUG_INFO = INCLUDE_SOURCE;
				MTL_FAST_MATH = YES;
				ONLY_ACTIVE_ARCH = YES;
				SDKROOT = iphoneos;
				SWIFT_ACTIVE_COMPILATION_CONDITIONS = "DEBUG $(inherited)";
				SWIFT_OPTIMIZATION_LEVEL = "-Onone";
			};
			name = Debug;
		};
		F901283A2BE9E3C300E84364 /* Release */ = {
			isa = XCBuildConfiguration;
			buildSettings = {
				ALWAYS_SEARCH_USER_PATHS = NO;
				ASSETCATALOG_COMPILER_GENERATE_SWIFT_ASSET_SYMBOL_EXTENSIONS = YES;
				CLANG_ANALYZER_NONNULL = YES;
				CLANG_ANALYZER_NUMBER_OBJECT_CONVERSION = YES_AGGRESSIVE;
				CLANG_CXX_LANGUAGE_STANDARD = "gnu++20";
				CLANG_ENABLE_MODULES = YES;
				CLANG_ENABLE_OBJC_ARC = YES;
				CLANG_ENABLE_OBJC_WEAK = YES;
				CLANG_WARN_BLOCK_CAPTURE_AUTORELEASING = YES;
				CLANG_WARN_BOOL_CONVERSION = YES;
				CLANG_WARN_COMMA = YES;
				CLANG_WARN_CONSTANT_CONVERSION = YES;
				CLANG_WARN_DEPRECATED_OBJC_IMPLEMENTATIONS = YES;
				CLANG_WARN_DIRECT_OBJC_ISA_USAGE = YES_ERROR;
				CLANG_WARN_DOCUMENTATION_COMMENTS = YES;
				CLANG_WARN_EMPTY_BODY = YES;
				CLANG_WARN_ENUM_CONVERSION = YES;
				CLANG_WARN_INFINITE_RECURSION = YES;
				CLANG_WARN_INT_CONVERSION = YES;
				CLANG_WARN_NON_LITERAL_NULL_CONVERSION = YES;
				CLANG_WARN_OBJC_IMPLICIT_RETAIN_SELF = YES;
				CLANG_WARN_OBJC_LITERAL_CONVERSION = YES;
				CLANG_WARN_OBJC_ROOT_CLASS = YES_ERROR;
				CLANG_WARN_QUOTED_INCLUDE_IN_FRAMEWORK_HEADER = YES;
				CLANG_WARN_RANGE_LOOP_ANALYSIS = YES;
				CLANG_WARN_STRICT_PROTOTYPES = YES;
				CLANG_WARN_SUSPICIOUS_MOVE = YES;
				CLANG_WARN_UNGUARDED_AVAILABILITY = YES_AGGRESSIVE;
				CLANG_WARN_UNREACHABLE_CODE = YES;
				CLANG_WARN__DUPLICATE_METHOD_MATCH = YES;
				COPY_PHASE_STRIP = NO;
				DEBUG_INFORMATION_FORMAT = "dwarf-with-dsym";
				ENABLE_NS_ASSERTIONS = NO;
				ENABLE_STRICT_OBJC_MSGSEND = YES;
				ENABLE_USER_SCRIPT_SANDBOXING = YES;
				GCC_C_LANGUAGE_STANDARD = gnu17;
				GCC_NO_COMMON_BLOCKS = YES;
				GCC_WARN_64_TO_32_BIT_CONVERSION = YES;
				GCC_WARN_ABOUT_RETURN_TYPE = YES_ERROR;
				GCC_WARN_UNDECLARED_SELECTOR = YES;
				GCC_WARN_UNINITIALIZED_AUTOS = YES_AGGRESSIVE;
				GCC_WARN_UNUSED_FUNCTION = YES;
				GCC_WARN_UNUSED_VARIABLE = YES;
				IPHONEOS_DEPLOYMENT_TARGET = 17.2;
				LOCALIZATION_PREFERS_STRING_CATALOGS = YES;
				MTL_ENABLE_DEBUG_INFO = NO;
				MTL_FAST_MATH = YES;
				SDKROOT = iphoneos;
				SWIFT_COMPILATION_MODE = wholemodule;
				VALIDATE_PRODUCT = YES;
			};
			name = Release;
		};
		F901283C2BE9E3C300E84364 /* Debug */ = {
			isa = XCBuildConfiguration;
			buildSettings = {
				ASSETCATALOG_COMPILER_APPICON_NAME = AppIcon;
				ASSETCATALOG_COMPILER_GLOBAL_ACCENT_COLOR_NAME = AccentColor;
				CODE_SIGN_STYLE = Automatic;
				CURRENT_PROJECT_VERSION = 1;
				GENERATE_INFOPLIST_FILE = YES;
				INFOPLIST_FILE = "x-text-field/Info.plist";
				INFOPLIST_KEY_UIApplicationSupportsIndirectInputEvents = YES;
				INFOPLIST_KEY_UILaunchStoryboardName = LaunchScreen;
				INFOPLIST_KEY_UIMainStoryboardFile = Main;
				INFOPLIST_KEY_UISupportedInterfaceOrientations_iPad = "UIInterfaceOrientationPortrait UIInterfaceOrientationPortraitUpsideDown UIInterfaceOrientationLandscapeLeft UIInterfaceOrientationLandscapeRight";
				INFOPLIST_KEY_UISupportedInterfaceOrientations_iPhone = "UIInterfaceOrientationPortrait UIInterfaceOrientationLandscapeLeft UIInterfaceOrientationLandscapeRight";
				LD_RUNPATH_SEARCH_PATHS = (
					"$(inherited)",
					"@executable_path/Frameworks",
				);
				MARKETING_VERSION = 1.0;
				PRODUCT_BUNDLE_IDENTIFIER = "com.example.x-text-field";
				PRODUCT_NAME = "$(TARGET_NAME)";
				SWIFT_EMIT_LOC_STRINGS = YES;
				SWIFT_VERSION = 5.0;
				TARGETED_DEVICE_FAMILY = "1,2";
			};
			name = Debug;
		};
		F901283D2BE9E3C300E84364 /* Release */ = {
			isa = XCBuildConfiguration;
			buildSettings = {
				ASSETCATALOG_COMPILER_APPICON_NAME = AppIcon;
				ASSETCATALOG_COMPILER_GLOBAL_ACCENT_COLOR_NAME = AccentColor;
				CODE_SIGN_STYLE = Automatic;
				CURRENT_PROJECT_VERSION = 1;
				GENERATE_INFOPLIST_FILE = YES;
				INFOPLIST_FILE = "x-text-field/Info.plist";
				INFOPLIST_KEY_UIApplicationSupportsIndirectInputEvents = YES;
				INFOPLIST_KEY_UILaunchStoryboardName = LaunchScreen;
				INFOPLIST_KEY_UIMainStoryboardFile = Main;
				INFOPLIST_KEY_UISupportedInterfaceOrientations_iPad = "UIInterfaceOrientationPortrait UIInterfaceOrientationPortraitUpsideDown UIInterfaceOrientationLandscapeLeft UIInterfaceOrientationLandscapeRight";
				INFOPLIST_KEY_UISupportedInterfaceOrientations_iPhone = "UIInterfaceOrientationPortrait UIInterfaceOrientationLandscapeLeft UIInterfaceOrientationLandscapeRight";
				LD_RUNPATH_SEARCH_PATHS = (
					"$(inherited)",
					"@executable_path/Frameworks",
				);
				MARKETING_VERSION = 1.0;
				PRODUCT_BUNDLE_IDENTIFIER = "com.example.x-text-field";
				PRODUCT_NAME = "$(TARGET_NAME)";
				SWIFT_EMIT_LOC_STRINGS = YES;
				SWIFT_VERSION = 5.0;
				TARGETED_DEVICE_FAMILY = "1,2";
			};
			name = Release;
		};
/* End XCBuildConfiguration section */

/* Begin XCConfigurationList section */
		F90128222BE9E3C200E84364 /* Build configuration list for PBXProject "x-text-field" */ = {
			isa = XCConfigurationList;
			buildConfigurations = (
				F90128392BE9E3C300E84364 /* Debug */,
				F901283A2BE9E3C300E84364 /* Release */,
			);
			defaultConfigurationIsVisible = 0;
			defaultConfigurationName = Release;
		};
		F901283B2BE9E3C300E84364 /* Build configuration list for PBXNativeTarget "x-text-field" */ = {
			isa = XCConfigurationList;
			buildConfigurations = (
				F901283C2BE9E3C300E84364 /* Debug */,
				F901283D2BE9E3C300E84364 /* Release */,
			);
			defaultConfigurationIsVisible = 0;
			defaultConfigurationName = Release;
		};
/* End XCConfigurationList section */
	};
	rootObject = F901281F2BE9E3C200E84364 /* Project object */;
}
